{
  "name": "cd_coords",
  "version": "1.0.0",
  "lockfileVersion": 3,
  "requires": true,
  "packages": {
    "": {
      "name": "cd_coords",
      "version": "1.0.0",
      "license": "ISC",
      "dependencies": {
        "cd_consts": "github:RulezKT/cd_consts",
        "cd_eps": "github:RulezKT/cd_eps",
        "cd_math": "github:RulezKT/cd_math"
      }
    },
    "node_modules/cd_consts": {
      "version": "1.0.0",
      "resolved": "git+ssh://git@github.com/RulezKT/cd_consts.git#3663a0a19d38a328425d5b9f7302d9c19d847c05"
    },
    "node_modules/cd_eps": {
      "version": "1.0.0",
      "resolved": "git+ssh://git@github.com/RulezKT/cd_eps.git#d9950641daae63cb104fa10560bddade4578355a",
      "dependencies": {
        "cd_consts": "github:RulezKT/cd_consts"
      }
    },
    "node_modules/cd_math": {
      "version": "1.0.0",
      "resolved": "git+ssh://git@github.com/RulezKT/cd_math.git#d01c4696a8276c74bde294c15ca5c22c0341142b",
      "dependencies": {
        "cd_consts": "github:RulezKT/cd_consts"
      }
    }
  }
}
